// !$*UTF8*$!
{
	archiveVersion = 1;
	classes = {
	};
	objectVersion = 46;
	objects = {

/* Begin PBXBuildFile section */
		177090E81B400E0000ED6490 /* RECommonFunctions.h in Headers */ = {isa = PBXBuildFile; fileRef = 177090E31B400E0000ED6490 /* RECommonFunctions.h */; };
		177090E91B400E0000ED6490 /* RECommonFunctions.m in Sources */ = {isa = PBXBuildFile; fileRef = 177090E41B400E0000ED6490 /* RECommonFunctions.m */; };
		177090EA1B400E0000ED6490 /* RESideMenu.m in Sources */ = {isa = PBXBuildFile; fileRef = 177090E51B400E0000ED6490 /* RESideMenu.m */; };
		177090EB1B400E0000ED6490 /* UIViewController+RESideMenu.h in Headers */ = {isa = PBXBuildFile; fileRef = 177090E61B400E0000ED6490 /* UIViewController+RESideMenu.h */; };
		177090EC1B400E0000ED6490 /* UIViewController+RESideMenu.m in Sources */ = {isa = PBXBuildFile; fileRef = 177090E71B400E0000ED6490 /* UIViewController+RESideMenu.m */; };
		17FEB6A81B400B5600E04564 /* RESideMenu.h in Headers */ = {isa = PBXBuildFile; fileRef = 17FEB6A71B400B5600E04564 /* RESideMenu.h */; settings = {ATTRIBUTES = (Public, ); }; };
/* End PBXBuildFile section */

/* Begin PBXFileReference section */
		177090E31B400E0000ED6490 /* RECommonFunctions.h */ = {isa = PBXFileReference; fileEncoding = 4; lastKnownFileType = sourcecode.c.h; path = RECommonFunctions.h; sourceTree = "<group>"; };
		177090E41B400E0000ED6490 /* RECommonFunctions.m */ = {isa = PBXFileReference; fileEncoding = 4; lastKnownFileType = sourcecode.c.objc; path = RECommonFunctions.m; sourceTree = "<group>"; };
		177090E51B400E0000ED6490 /* RESideMenu.m */ = {isa = PBXFileReference; fileEncoding = 4; lastKnownFileType = sourcecode.c.objc; path = RESideMenu.m; sourceTree = "<group>"; };
		177090E61B400E0000ED6490 /* UIViewController+RESideMenu.h */ = {isa = PBXFileReference; fileEncoding = 4; lastKnownFileType = sourcecode.c.h; path = "UIViewController+RESideMenu.h"; sourceTree = "<group>"; };
		177090E71B400E0000ED6490 /* UIViewController+RESideMenu.m */ = {isa = PBXFileReference; fileEncoding = 4; lastKnownFileType = sourcecode.c.objc; path = "UIViewController+RESideMenu.m"; sourceTree = "<group>"; };
		17FEB6A21B400B5600E04564 /* RESideMenu.framework */ = {isa = PBXFileReference; explicitFileType = wrapper.framework; includeInIndex = 0; path = RESideMenu.framework; sourceTree = BUILT_PRODUCTS_DIR; };
		17FEB6A61B400B5600E04564 /* Info.plist */ = {isa = PBXFileReference; lastKnownFileType = text.plist.xml; path = Info.plist; sourceTree = "<group>"; };
		17FEB6A71B400B5600E04564 /* RESideMenu.h */ = {isa = PBXFileReference; lastKnownFileType = sourcecode.c.h; path = RESideMenu.h; sourceTree = "<group>"; };
		17FEB6B31B400B5600E04564 /* Info.plist */ = {isa = PBXFileReference; lastKnownFileType = text.plist.xml; path = Info.plist; sourceTree = "<group>"; };
		17FEB6B41B400B5600E04564 /* RESideMenuTests.m */ = {isa = PBXFileReference; lastKnownFileType = sourcecode.c.objc; path = RESideMenuTests.m; sourceTree = "<group>"; };
/* End PBXFileReference section */

/* Begin PBXFrameworksBuildPhase section */
		17FEB69E1B400B5600E04564 /* Frameworks */ = {
			isa = PBXFrameworksBuildPhase;
			buildActionMask = 2147483647;
			files = (
			);
			runOnlyForDeploymentPostprocessing = 0;
		};
/* End PBXFrameworksBuildPhase section */

/* Begin PBXGroup section */
		17FEB6981B400B5600E04564 = {
			isa = PBXGroup;
			children = (
				17FEB6A41B400B5600E04564 /* RESideMenu */,
				17FEB6B11B400B5600E04564 /* RESideMenuTests */,
				17FEB6A31B400B5600E04564 /* Products */,
			);
			sourceTree = "<group>";
		};
		17FEB6A31B400B5600E04564 /* Products */ = {
			isa = PBXGroup;
			children = (
				17FEB6A21B400B5600E04564 /* RESideMenu.framework */,
			);
			name = Products;
			sourceTree = "<group>";
		};
		17FEB6A41B400B5600E04564 /* RESideMenu */ = {
			isa = PBXGroup;
			children = (
				177090E31B400E0000ED6490 /* RECommonFunctions.h */,
				177090E41B400E0000ED6490 /* RECommonFunctions.m */,
				177090E51B400E0000ED6490 /* RESideMenu.m */,
				177090E61B400E0000ED6490 /* UIViewController+RESideMenu.h */,
				177090E71B400E0000ED6490 /* UIViewController+RESideMenu.m */,
				17FEB6A71B400B5600E04564 /* RESideMenu.h */,
				17FEB6A51B400B5600E04564 /* Supporting Files */,
			);
			path = RESideMenu;
			sourceTree = "<group>";
		};
		17FEB6A51B400B5600E04564 /* Supporting Files */ = {
			isa = PBXGroup;
			children = (
				17FEB6A61B400B5600E04564 /* Info.plist */,
			);
			name = "Supporting Files";
			sourceTree = "<group>";
		};
		17FEB6B11B400B5600E04564 /* RESideMenuTests */ = {
			isa = PBXGroup;
			children = (
				17FEB6B41B400B5600E04564 /* RESideMenuTests.m */,
				17FEB6B21B400B5600E04564 /* Supporting Files */,
			);
			path = RESideMenuTests;
			sourceTree = "<group>";
		};
		17FEB6B21B400B5600E04564 /* Supporting Files */ = {
			isa = PBXGroup;
			children = (
				17FEB6B31B400B5600E04564 /* Info.plist */,
			);
			name = "Supporting Files";
			sourceTree = "<group>";
		};
/* End PBXGroup section */

/* Begin PBXHeadersBuildPhase section */
		17FEB69F1B400B5600E04564 /* Headers */ = {
			isa = PBXHeadersBuildPhase;
			buildActionMask = 2147483647;
			files = (
				177090E81B400E0000ED6490 /* RECommonFunctions.h in Headers */,
				17FEB6A81B400B5600E04564 /* RESideMenu.h in Headers */,
				177090EB1B400E0000ED6490 /* UIViewController+RESideMenu.h in Headers */,
			);
			runOnlyForDeploymentPostprocessing = 0;
		};
/* End PBXHeadersBuildPhase section */

/* Begin PBXNativeTarget section */
		17FEB6A11B400B5600E04564 /* RESideMenu */ = {
			isa = PBXNativeTarget;
			buildConfigurationList = 17FEB6B81B400B5600E04564 /* Build configuration list for PBXNativeTarget "RESideMenu" */;
			buildPhases = (
				17FEB69D1B400B5600E04564 /* Sources */,
				17FEB69E1B400B5600E04564 /* Frameworks */,
				17FEB69F1B400B5600E04564 /* Headers */,
				17FEB6A01B400B5600E04564 /* Resources */,
			);
			buildRules = (
			);
			dependencies = (
			);
			name = RESideMenu;
			productName = RESideMenu;
			productReference = 17FEB6A21B400B5600E04564 /* RESideMenu.framework */;
			productType = "com.apple.product-type.framework";
		};
/* End PBXNativeTarget section */

/* Begin PBXProject section */
		17FEB6991B400B5600E04564 /* Project object */ = {
			isa = PBXProject;
			attributes = {
				LastUpgradeCheck = 0640;
				ORGANIZATIONNAME = "Roman Efimov";
				TargetAttributes = {
					17FEB6A11B400B5600E04564 = {
						CreatedOnToolsVersion = 6.3.2;
					};
				};
			};
			buildConfigurationList = 17FEB69C1B400B5600E04564 /* Build configuration list for PBXProject "RESideMenu" */;
			compatibilityVersion = "Xcode 3.2";
			developmentRegion = English;
			hasScannedForEncodings = 0;
			knownRegions = (
				en,
			);
			mainGroup = 17FEB6981B400B5600E04564;
			productRefGroup = 17FEB6A31B400B5600E04564 /* Products */;
			projectDirPath = "";
			projectRoot = "";
			targets = (
				17FEB6A11B400B5600E04564 /* RESideMenu */,
			);
		};
/* End PBXProject section */

/* Begin PBXResourcesBuildPhase section */
		17FEB6A01B400B5600E04564 /* Resources */ = {
			isa = PBXResourcesBuildPhase;
			buildActionMask = 2147483647;
			files = (
			);
			runOnlyForDeploymentPostprocessing = 0;
		};
/* End PBXResourcesBuildPhase section */

/* Begin PBXSourcesBuildPhase section */
		17FEB69D1B400B5600E04564 /* Sources */ = {
			isa = PBXSourcesBuildPhase;
			buildActionMask = 2147483647;
			files = (
				177090EA1B400E0000ED6490 /* RESideMenu.m in Sources */,
				177090E91B400E0000ED6490 /* RECommonFunctions.m in Sources */,
				177090EC1B400E0000ED6490 /* UIViewController+RESideMenu.m in Sources */,
			);
			runOnlyForDeploymentPostprocessing = 0;
		};
/* End PBXSourcesBuildPhase section */

/* Begin XCBuildConfiguration section */
		17FEB6B61B400B5600E04564 /* Debug */ = {
			isa = XCBuildConfiguration;
			buildSettings = {
				ALWAYS_SEARCH_USER_PATHS = NO;
				CLANG_CXX_LANGUAGE_STANDARD = "gnu++0x";
				CLANG_CXX_LIBRARY = "libc++";
				CLANG_ENABLE_MODULES = YES;
				CLANG_ENABLE_OBJC_ARC = YES;
				CLANG_WARN_BOOL_CONVERSION = YES;
				CLANG_WARN_CONSTANT_CONVERSION = YES;
				CLANG_WARN_DIRECT_OBJC_ISA_USAGE = YES_ERROR;
				CLANG_WARN_EMPTY_BODY = YES;
				CLANG_WARN_ENUM_CONVERSION = YES;
				CLANG_WARN_INT_CONVERSION = YES;
				CLANG_WARN_OBJC_ROOT_CLASS = YES_ERROR;
				CLANG_WARN_UNREACHABLE_CODE = YES;
				CLANG_WARN__DUPLICATE_METHOD_MATCH = YES;
				"CODE_SIGN_IDENTITY[sdk=iphoneos*]" = "iPhone Developer";
				COPY_PHASE_STRIP = NO;
				CURRENT_PROJECT_VERSION = 1;
				DEBUG_INFORMATION_FORMAT = "dwarf-with-dsym";
				ENABLE_STRICT_OBJC_MSGSEND = YES;
				GCC_C_LANGUAGE_STANDARD = gnu99;
				GCC_DYNAMIC_NO_PIC = NO;
				GCC_NO_COMMON_BLOCKS = YES;
				GCC_OPTIMIZATION_LEVEL = 0;
				GCC_PREPROCESSOR_DEFINITIONS = (
					"DEBUG=1",
					"$(inherited)",
				);
				GCC_SYMBOLS_PRIVATE_EXTERN = NO;
				GCC_WARN_64_TO_32_BIT_CONVERSION = YES;
				GCC_WARN_ABOUT_RETURN_TYPE = YES_ERROR;
				GCC_WARN_UNDECLARED_SELECTOR = YES;
				GCC_WARN_UNINITIALIZED_AUTOS = YES_AGGRESSIVE;
				GCC_WARN_UNUSED_FUNCTION = YES;
				GCC_WARN_UNUSED_VARIABLE = YES;
				IPHONEOS_DEPLOYMENT_TARGET = 8.3;
				MTL_ENABLE_DEBUG_INFO = YES;
				ONLY_ACTIVE_ARCH = YES;
				SDKROOT = iphoneos;
				TARGETED_DEVICE_FAMILY = "1,2";
				VERSIONING_SYSTEM = "apple-generic";
				VERSION_INFO_PREFIX = "";
			};
			name = Debug;
		};
		17FEB6B71B400B5600E04564 /* Release */ = {
			isa = XCBuildConfiguration;
			buildSettings = {
				ALWAYS_SEARCH_USER_PATHS = NO;
				CLANG_CXX_LANGUAGE_STANDARD = "gnu++0x";
				CLANG_CXX_LIBRARY = "libc++";
				CLANG_ENABLE_MODULES = YES;
				CLANG_ENABLE_OBJC_ARC = YES;
				CLANG_WARN_BOOL_CONVERSION = YES;
				CLANG_WARN_CONSTANT_CONVERSION = YES;
				CLANG_WARN_DIRECT_OBJC_ISA_USAGE = YES_ERROR;
				CLANG_WARN_EMPTY_BODY = YES;
				CLANG_WARN_ENUM_CONVERSION = YES;
				CLANG_WARN_INT_CONVERSION = YES;
				CLANG_WARN_OBJC_ROOT_CLASS = YES_ERROR;
				CLANG_WARN_UNREACHABLE_CODE = YES;
				CLANG_WARN__DUPLICATE_METHOD_MATCH = YES;
				"CODE_SIGN_IDENTITY[sdk=iphoneos*]" = "iPhone Developer";
				COPY_PHASE_STRIP = NO;
				CURRENT_PROJECT_VERSION = 1;
				DEBUG_INFORMATION_FORMAT = "dwarf-with-dsym";
				ENABLE_NS_ASSERTIONS = NO;
				ENABLE_STRICT_OBJC_MSGSEND = YES;
				GCC_C_LANGUAGE_STANDARD = gnu99;
				GCC_NO_COMMON_BLOCKS = YES;
				GCC_WARN_64_TO_32_BIT_CONVERSION = YES;
				GCC_WARN_ABOUT_RETURN_TYPE = YES_ERROR;
				GCC_WARN_UNDECLARED_SELECTOR = YES;
				GCC_WARN_UNINITIALIZED_AUTOS = YES_AGGRESSIVE;
				GCC_WARN_UNUSED_FUNCTION = YES;
				GCC_WARN_UNUSED_VARIABLE = YES;
				IPHONEOS_DEPLOYMENT_TARGET = 8.3;
				MTL_ENABLE_DEBUG_INFO = NO;
				SDKROOT = iphoneos;
				TARGETED_DEVICE_FAMILY = "1,2";
				VALIDATE_PRODUCT = YES;
				VERSIONING_SYSTEM = "apple-generic";
				VERSION_INFO_PREFIX = "";
			};
			name = Release;
		};
		17FEB6B91B400B5600E04564 /* Debug */ = {
			isa = XCBuildConfiguration;
			buildSettings = {
				DEFINES_MODULE = YES;
				DYLIB_COMPATIBILITY_VERSION = 1;
				DYLIB_CURRENT_VERSION = 1;
				DYLIB_INSTALL_NAME_BASE = "@rpath";
				INFOPLIST_FILE = RESideMenu/Info.plist;
				INSTALL_PATH = "$(LOCAL_LIBRARY_DIR)/Frameworks";
				LD_RUNPATH_SEARCH_PATHS = "$(inherited) @executable_path/Frameworks @loader_path/Frameworks";
				PRODUCT_NAME = "$(TARGET_NAME)";
				SKIP_INSTALL = YES;
			};
			name = Debug;
		};
		17FEB6BA1B400B5600E04564 /* Release */ = {
			isa = XCBuildConfiguration;
			buildSettings = {
				DEFINES_MODULE = YES;
				DYLIB_COMPATIBILITY_VERSION = 1;
				DYLIB_CURRENT_VERSION = 1;
				DYLIB_INSTALL_NAME_BASE = "@rpath";
				INFOPLIST_FILE = RESideMenu/Info.plist;
				INSTALL_PATH = "$(LOCAL_LIBRARY_DIR)/Frameworks";
				LD_RUNPATH_SEARCH_PATHS = "$(inherited) @executable_path/Frameworks @loader_path/Frameworks";
				PRODUCT_NAME = "$(TARGET_NAME)";
				SKIP_INSTALL = YES;
			};
			name = Release;
		};
/* End XCBuildConfiguration section */

/* Begin XCConfigurationList section */
		17FEB69C1B400B5600E04564 /* Build configuration list for PBXProject "RESideMenu" */ = {
			isa = XCConfigurationList;
			buildConfigurations = (
				17FEB6B61B400B5600E04564 /* Debug */,
				17FEB6B71B400B5600E04564 /* Release */,
			);
			defaultConfigurationIsVisible = 0;
			defaultConfigurationName = Release;
		};
		17FEB6B81B400B5600E04564 /* Build configuration list for PBXNativeTarget "RESideMenu" */ = {
			isa = XCConfigurationList;
			buildConfigurations = (
				17FEB6B91B400B5600E04564 /* Debug */,
				17FEB6BA1B400B5600E04564 /* Release */,
			);
			defaultConfigurationIsVisible = 0;
			defaultConfigurationName = Release;
		};
/* End XCConfigurationList section */
	};
	rootObject = 17FEB6991B400B5600E04564 /* Project object */;
}
