// !$*UTF8*$!
{
	archiveVersion = 1;
	classes = {
	};
	objectVersion = 46;
	objects = {

/* Begin PBXBuildFile section */
		3032B9131807338200064F85 /* Foundation.framework in Frameworks */ = {isa = PBXBuildFile; fileRef = 3032B9121807338200064F85 /* Foundation.framework */; };
		3032B9151807338200064F85 /* CoreGraphics.framework in Frameworks */ = {isa = PBXBuildFile; fileRef = 3032B9141807338200064F85 /* CoreGraphics.framework */; };
		3032B9171807338200064F85 /* UIKit.framework in Frameworks */ = {isa = PBXBuildFile; fileRef = 3032B9161807338200064F85 /* UIKit.framework */; };
		3032B91D1807338200064F85 /* InfoPlist.strings in Resources */ = {isa = PBXBuildFile; fileRef = 3032B91B1807338200064F85 /* InfoPlist.strings */; };
		3032B91F1807338200064F85 /* main.m in Sources */ = {isa = PBXBuildFile; fileRef = 3032B91E1807338200064F85 /* main.m */; };
		3032B9231807338200064F85 /* DEMOAppDelegate.m in Sources */ = {isa = PBXBuildFile; fileRef = 3032B9221807338200064F85 /* DEMOAppDelegate.m */; };
		3032B9251807338200064F85 /* Images.xcassets in Resources */ = {isa = PBXBuildFile; fileRef = 3032B9241807338200064F85 /* Images.xcassets */; };
		3032B954180736C900064F85 /* DEMOFirstViewController.m in Sources */ = {isa = PBXBuildFile; fileRef = 3032B953180736C900064F85 /* DEMOFirstViewController.m */; };
		3032B958180736E200064F85 /* DEMOSecondViewController.m in Sources */ = {isa = PBXBuildFile; fileRef = 3032B957180736E200064F85 /* DEMOSecondViewController.m */; };
		3032B95E1807372B00064F85 /* DEMOLeftMenuViewController.m in Sources */ = {isa = PBXBuildFile; fileRef = 3032B95D1807372B00064F85 /* DEMOLeftMenuViewController.m */; };
		3076CE171809B5EF00527E6C /* RECommonFunctions.m in Sources */ = {isa = PBXBuildFile; fileRef = 3076CE121809B5EF00527E6C /* RECommonFunctions.m */; };
		3076CE181809B5EF00527E6C /* RESideMenu.m in Sources */ = {isa = PBXBuildFile; fileRef = 3076CE141809B5EF00527E6C /* RESideMenu.m */; };
		3076CE191809B5EF00527E6C /* UIViewController+RESideMenu.m in Sources */ = {isa = PBXBuildFile; fileRef = 3076CE161809B5EF00527E6C /* UIViewController+RESideMenu.m */; };
		30FE3D1F18AB3B6A003F59ED /* DEMORightMenuViewController.m in Sources */ = {isa = PBXBuildFile; fileRef = 30FE3D1E18AB3B6A003F59ED /* DEMORightMenuViewController.m */; };
/* End PBXBuildFile section */

/* Begin PBXFileReference section */
		3032B90F1807338200064F85 /* RESideMenuExample.app */ = {isa = PBXFileReference; explicitFileType = wrapper.application; includeInIndex = 0; path = RESideMenuExample.app; sourceTree = BUILT_PRODUCTS_DIR; };
		3032B9121807338200064F85 /* Foundation.framework */ = {isa = PBXFileReference; lastKnownFileType = wrapper.framework; name = Foundation.framework; path = System/Library/Frameworks/Foundation.framework; sourceTree = SDKROOT; };
		3032B9141807338200064F85 /* CoreGraphics.framework */ = {isa = PBXFileReference; lastKnownFileType = wrapper.framework; name = CoreGraphics.framework; path = System/Library/Frameworks/CoreGraphics.framework; sourceTree = SDKROOT; };
		3032B9161807338200064F85 /* UIKit.framework */ = {isa = PBXFileReference; lastKnownFileType = wrapper.framework; name = UIKit.framework; path = System/Library/Frameworks/UIKit.framework; sourceTree = SDKROOT; };
		3032B91A1807338200064F85 /* RESideMenuExample-Info.plist */ = {isa = PBXFileReference; lastKnownFileType = text.plist.xml; path = "RESideMenuExample-Info.plist"; sourceTree = "<group>"; };
		3032B91C1807338200064F85 /* en */ = {isa = PBXFileReference; lastKnownFileType = text.plist.strings; name = en; path = en.lproj/InfoPlist.strings; sourceTree = "<group>"; };
		3032B91E1807338200064F85 /* main.m */ = {isa = PBXFileReference; lastKnownFileType = sourcecode.c.objc; path = main.m; sourceTree = "<group>"; };
		3032B9201807338200064F85 /* RESideMenuExample-Prefix.pch */ = {isa = PBXFileReference; lastKnownFileType = sourcecode.c.h; path = "RESideMenuExample-Prefix.pch"; sourceTree = "<group>"; };
		3032B9211807338200064F85 /* DEMOAppDelegate.h */ = {isa = PBXFileReference; lastKnownFileType = sourcecode.c.h; path = DEMOAppDelegate.h; sourceTree = "<group>"; };
		3032B9221807338200064F85 /* DEMOAppDelegate.m */ = {isa = PBXFileReference; lastKnownFileType = sourcecode.c.objc; path = DEMOAppDelegate.m; sourceTree = "<group>"; };
		3032B9241807338200064F85 /* Images.xcassets */ = {isa = PBXFileReference; lastKnownFileType = folder.assetcatalog; path = Images.xcassets; sourceTree = "<group>"; };
		3032B92B1807338200064F85 /* XCTest.framework */ = {isa = PBXFileReference; lastKnownFileType = wrapper.framework; name = XCTest.framework; path = Library/Frameworks/XCTest.framework; sourceTree = DEVELOPER_DIR; };
		3032B952180736C900064F85 /* DEMOFirstViewController.h */ = {isa = PBXFileReference; fileEncoding = 4; lastKnownFileType = sourcecode.c.h; path = DEMOFirstViewController.h; sourceTree = "<group>"; };
		3032B953180736C900064F85 /* DEMOFirstViewController.m */ = {isa = PBXFileReference; fileEncoding = 4; lastKnownFileType = sourcecode.c.objc; path = DEMOFirstViewController.m; sourceTree = "<group>"; };
		3032B956180736E200064F85 /* DEMOSecondViewController.h */ = {isa = PBXFileReference; fileEncoding = 4; lastKnownFileType = sourcecode.c.h; path = DEMOSecondViewController.h; sourceTree = "<group>"; };
		3032B957180736E200064F85 /* DEMOSecondViewController.m */ = {isa = PBXFileReference; fileEncoding = 4; lastKnownFileType = sourcecode.c.objc; path = DEMOSecondViewController.m; sourceTree = "<group>"; };
		3032B95C1807372B00064F85 /* DEMOLeftMenuViewController.h */ = {isa = PBXFileReference; fileEncoding = 4; lastKnownFileType = sourcecode.c.h; path = DEMOLeftMenuViewController.h; sourceTree = "<group>"; };
		3032B95D1807372B00064F85 /* DEMOLeftMenuViewController.m */ = {isa = PBXFileReference; fileEncoding = 4; lastKnownFileType = sourcecode.c.objc; path = DEMOLeftMenuViewController.m; sourceTree = "<group>"; };
		3076CE111809B5EF00527E6C /* RECommonFunctions.h */ = {isa = PBXFileReference; fileEncoding = 4; lastKnownFileType = sourcecode.c.h; path = RECommonFunctions.h; sourceTree = "<group>"; };
		3076CE121809B5EF00527E6C /* RECommonFunctions.m */ = {isa = PBXFileReference; fileEncoding = 4; lastKnownFileType = sourcecode.c.objc; path = RECommonFunctions.m; sourceTree = "<group>"; };
		3076CE131809B5EF00527E6C /* RESideMenu.h */ = {isa = PBXFileReference; fileEncoding = 4; lastKnownFileType = sourcecode.c.h; path = RESideMenu.h; sourceTree = "<group>"; };
		3076CE141809B5EF00527E6C /* RESideMenu.m */ = {isa = PBXFileReference; fileEncoding = 4; lastKnownFileType = sourcecode.c.objc; path = RESideMenu.m; sourceTree = "<group>"; };
		3076CE151809B5EF00527E6C /* UIViewController+RESideMenu.h */ = {isa = PBXFileReference; fileEncoding = 4; lastKnownFileType = sourcecode.c.h; path = "UIViewController+RESideMenu.h"; sourceTree = "<group>"; };
		3076CE161809B5EF00527E6C /* UIViewController+RESideMenu.m */ = {isa = PBXFileReference; fileEncoding = 4; lastKnownFileType = sourcecode.c.objc; path = "UIViewController+RESideMenu.m"; sourceTree = "<group>"; };
		30FE3D1D18AB3B6A003F59ED /* DEMORightMenuViewController.h */ = {isa = PBXFileReference; fileEncoding = 4; lastKnownFileType = sourcecode.c.h; path = DEMORightMenuViewController.h; sourceTree = "<group>"; };
		30FE3D1E18AB3B6A003F59ED /* DEMORightMenuViewController.m */ = {isa = PBXFileReference; fileEncoding = 4; lastKnownFileType = sourcecode.c.objc; path = DEMORightMenuViewController.m; sourceTree = "<group>"; };
/* End PBXFileReference section */

/* Begin PBXFrameworksBuildPhase section */
		3032B90C1807338200064F85 /* Frameworks */ = {
			isa = PBXFrameworksBuildPhase;
			buildActionMask = 2147483647;
			files = (
				3032B9151807338200064F85 /* CoreGraphics.framework in Frameworks */,
				3032B9171807338200064F85 /* UIKit.framework in Frameworks */,
				3032B9131807338200064F85 /* Foundation.framework in Frameworks */,
			);
			runOnlyForDeploymentPostprocessing = 0;
		};
/* End PBXFrameworksBuildPhase section */

/* Begin PBXGroup section */
		3032B9061807338200064F85 = {
			isa = PBXGroup;
			children = (
				3076CE101809B5EF00527E6C /* RESideMenu */,
				3032B9181807338200064F85 /* RESideMenuExample */,
				3032B9111807338200064F85 /* Frameworks */,
				3032B9101807338200064F85 /* Products */,
			);
			sourceTree = "<group>";
		};
		3032B9101807338200064F85 /* Products */ = {
			isa = PBXGroup;
			children = (
				3032B90F1807338200064F85 /* RESideMenuExample.app */,
			);
			name = Products;
			sourceTree = "<group>";
		};
		3032B9111807338200064F85 /* Frameworks */ = {
			isa = PBXGroup;
			children = (
				3032B9121807338200064F85 /* Foundation.framework */,
				3032B9141807338200064F85 /* CoreGraphics.framework */,
				3032B9161807338200064F85 /* UIKit.framework */,
				3032B92B1807338200064F85 /* XCTest.framework */,
			);
			name = Frameworks;
			sourceTree = "<group>";
		};
		3032B9181807338200064F85 /* RESideMenuExample */ = {
			isa = PBXGroup;
			children = (
				3032B9211807338200064F85 /* DEMOAppDelegate.h */,
				3032B9221807338200064F85 /* DEMOAppDelegate.m */,
				3032B955180736CC00064F85 /* Controllers */,
				3032B9191807338200064F85 /* Supporting Files */,
			);
			path = RESideMenuExample;
			sourceTree = "<group>";
		};
		3032B9191807338200064F85 /* Supporting Files */ = {
			isa = PBXGroup;
			children = (
				3032B9241807338200064F85 /* Images.xcassets */,
				3032B91A1807338200064F85 /* RESideMenuExample-Info.plist */,
				3032B91B1807338200064F85 /* InfoPlist.strings */,
				3032B91E1807338200064F85 /* main.m */,
				3032B9201807338200064F85 /* RESideMenuExample-Prefix.pch */,
			);
			name = "Supporting Files";
			sourceTree = "<group>";
		};
		3032B955180736CC00064F85 /* Controllers */ = {
			isa = PBXGroup;
			children = (
				3032B952180736C900064F85 /* DEMOFirstViewController.h */,
				3032B953180736C900064F85 /* DEMOFirstViewController.m */,
				3032B956180736E200064F85 /* DEMOSecondViewController.h */,
				3032B957180736E200064F85 /* DEMOSecondViewController.m */,
				3032B95C1807372B00064F85 /* DEMOLeftMenuViewController.h */,
				3032B95D1807372B00064F85 /* DEMOLeftMenuViewController.m */,
				30FE3D1D18AB3B6A003F59ED /* DEMORightMenuViewController.h */,
				30FE3D1E18AB3B6A003F59ED /* DEMORightMenuViewController.m */,
			);
			name = Controllers;
			sourceTree = "<group>";
		};
		3076CE101809B5EF00527E6C /* RESideMenu */ = {
			isa = PBXGroup;
			children = (
				3076CE111809B5EF00527E6C /* RECommonFunctions.h */,
				3076CE121809B5EF00527E6C /* RECommonFunctions.m */,
				3076CE131809B5EF00527E6C /* RESideMenu.h */,
				3076CE141809B5EF00527E6C /* RESideMenu.m */,
				3076CE151809B5EF00527E6C /* UIViewController+RESideMenu.h */,
				3076CE161809B5EF00527E6C /* UIViewController+RESideMenu.m */,
			);
			name = RESideMenu;
			path = ../../RESideMenu;
			sourceTree = "<group>";
		};
/* End PBXGroup section */

/* Begin PBXNativeTarget section */
		3032B90E1807338200064F85 /* RESideMenuExample */ = {
			isa = PBXNativeTarget;
			buildConfigurationList = 3032B93B1807338200064F85 /* Build configuration list for PBXNativeTarget "RESideMenuExample" */;
			buildPhases = (
				3032B90B1807338200064F85 /* Sources */,
				3032B90C1807338200064F85 /* Frameworks */,
				3032B90D1807338200064F85 /* Resources */,
			);
			buildRules = (
			);
			dependencies = (
			);
			name = RESideMenuExample;
			productName = RESideMenuExample;
			productReference = 3032B90F1807338200064F85 /* RESideMenuExample.app */;
			productType = "com.apple.product-type.application";
		};
/* End PBXNativeTarget section */

/* Begin PBXProject section */
		3032B9071807338200064F85 /* Project object */ = {
			isa = PBXProject;
			attributes = {
				CLASSPREFIX = DEMO;
				LastUpgradeCheck = 0510;
				ORGANIZATIONNAME = "Roman Efimov";
			};
			buildConfigurationList = 3032B90A1807338200064F85 /* Build configuration list for PBXProject "RESideMenuExample" */;
			compatibilityVersion = "Xcode 3.2";
			developmentRegion = English;
			hasScannedForEncodings = 0;
			knownRegions = (
				en,
			);
			mainGroup = 3032B9061807338200064F85;
			productRefGroup = 3032B9101807338200064F85 /* Products */;
			projectDirPath = "";
			projectRoot = "";
			targets = (
				3032B90E1807338200064F85 /* RESideMenuExample */,
			);
		};
/* End PBXProject section */

/* Begin PBXResourcesBuildPhase section */
		3032B90D1807338200064F85 /* Resources */ = {
			isa = PBXResourcesBuildPhase;
			buildActionMask = 2147483647;
			files = (
				3032B91D1807338200064F85 /* InfoPlist.strings in Resources */,
				3032B9251807338200064F85 /* Images.xcassets in Resources */,
			);
			runOnlyForDeploymentPostprocessing = 0;
		};
/* End PBXResourcesBuildPhase section */

/* Begin PBXSourcesBuildPhase section */
		3032B90B1807338200064F85 /* Sources */ = {
			isa = PBXSourcesBuildPhase;
			buildActionMask = 2147483647;
			files = (
				3076CE181809B5EF00527E6C /* RESideMenu.m in Sources */,
				3032B954180736C900064F85 /* DEMOFirstViewController.m in Sources */,
				3032B91F1807338200064F85 /* main.m in Sources */,
				3032B95E1807372B00064F85 /* DEMOLeftMenuViewController.m in Sources */,
				3032B9231807338200064F85 /* DEMOAppDelegate.m in Sources */,
				3032B958180736E200064F85 /* DEMOSecondViewController.m in Sources */,
				3076CE171809B5EF00527E6C /* RECommonFunctions.m in Sources */,
				3076CE191809B5EF00527E6C /* UIViewController+RESideMenu.m in Sources */,
				30FE3D1F18AB3B6A003F59ED /* DEMORightMenuViewController.m in Sources */,
			);
			runOnlyForDeploymentPostprocessing = 0;
		};
/* End PBXSourcesBuildPhase section */

/* Begin PBXVariantGroup section */
		3032B91B1807338200064F85 /* InfoPlist.strings */ = {
			isa = PBXVariantGroup;
			children = (
				3032B91C1807338200064F85 /* en */,
			);
			name = InfoPlist.strings;
			sourceTree = "<group>";
		};
/* End PBXVariantGroup section */

/* Begin XCBuildConfiguration section */
		3032B9391807338200064F85 /* Debug */ = {
			isa = XCBuildConfiguration;
			buildSettings = {
				ALWAYS_SEARCH_USER_PATHS = NO;
				CLANG_CXX_LANGUAGE_STANDARD = "gnu++0x";
				CLANG_CXX_LIBRARY = "libc++";
				CLANG_ENABLE_MODULES = YES;
				CLANG_ENABLE_OBJC_ARC = YES;
				CLANG_WARN_BOOL_CONVERSION = YES;
				CLANG_WARN_CONSTANT_CONVERSION = YES;
				CLANG_WARN_DIRECT_OBJC_ISA_USAGE = YES_ERROR;
				CLANG_WARN_EMPTY_BODY = YES;
				CLANG_WARN_ENUM_CONVERSION = YES;
				CLANG_WARN_INT_CONVERSION = YES;
				CLANG_WARN_OBJC_ROOT_CLASS = YES_ERROR;
				CLANG_WARN__DUPLICATE_METHOD_MATCH = YES;
				"CODE_SIGN_IDENTITY[sdk=iphoneos*]" = "iPhone Developer";
				COPY_PHASE_STRIP = NO;
				GCC_C_LANGUAGE_STANDARD = gnu99;
				GCC_DYNAMIC_NO_PIC = NO;
				GCC_OPTIMIZATION_LEVEL = 0;
				GCC_PREPROCESSOR_DEFINITIONS = (
					"DEBUG=1",
					"$(inherited)",
				);
				GCC_SYMBOLS_PRIVATE_EXTERN = NO;
				GCC_WARN_64_TO_32_BIT_CONVERSION = YES;
				GCC_WARN_ABOUT_RETURN_TYPE = YES_ERROR;
				GCC_WARN_UNDECLARED_SELECTOR = YES;
				GCC_WARN_UNINITIALIZED_AUTOS = YES;
				GCC_WARN_UNUSED_FUNCTION = YES;
				GCC_WARN_UNUSED_VARIABLE = YES;
				IPHONEOS_DEPLOYMENT_TARGET = 7.0;
				ONLY_ACTIVE_ARCH = YES;
				SDKROOT = iphoneos;
			};
			name = Debug;
		};
		3032B93A1807338200064F85 /* Release */ = {
			isa = XCBuildConfiguration;
			buildSettings = {
				ALWAYS_SEARCH_USER_PATHS = NO;
				CLANG_CXX_LANGUAGE_STANDARD = "gnu++0x";
				CLANG_CXX_LIBRARY = "libc++";
				CLANG_ENABLE_MODULES = YES;
				CLANG_ENABLE_OBJC_ARC = YES;
				CLANG_WARN_BOOL_CONVERSION = YES;
				CLANG_WARN_CONSTANT_CONVERSION = YES;
				CLANG_WARN_DIRECT_OBJC_ISA_USAGE = YES_ERROR;
				CLANG_WARN_EMPTY_BODY = YES;
				CLANG_WARN_ENUM_CONVERSION = YES;
				CLANG_WARN_INT_CONVERSION = YES;
				CLANG_WARN_OBJC_ROOT_CLASS = YES_ERROR;
				CLANG_WARN__DUPLICATE_METHOD_MATCH = YES;
				"CODE_SIGN_IDENTITY[sdk=iphoneos*]" = "iPhone Developer";
				COPY_PHASE_STRIP = YES;
				ENABLE_NS_ASSERTIONS = NO;
				GCC_C_LANGUAGE_STANDARD = gnu99;
				GCC_WARN_64_TO_32_BIT_CONVERSION = YES;
				GCC_WARN_ABOUT_RETURN_TYPE = YES_ERROR;
				GCC_WARN_UNDECLARED_SELECTOR = YES;
				GCC_WARN_UNINITIALIZED_AUTOS = YES;
				GCC_WARN_UNUSED_FUNCTION = YES;
				GCC_WARN_UNUSED_VARIABLE = YES;
				IPHONEOS_DEPLOYMENT_TARGET = 7.0;
				SDKROOT = iphoneos;
				VALIDATE_PRODUCT = YES;
			};
			name = Release;
		};
		3032B93C1807338200064F85 /* Debug */ = {
			isa = XCBuildConfiguration;
			buildSettings = {
				ASSETCATALOG_COMPILER_APPICON_NAME = AppIcon;
				ASSETCATALOG_COMPILER_LAUNCHIMAGE_NAME = LaunchImage;
				GCC_PRECOMPILE_PREFIX_HEADER = YES;
				GCC_PREFIX_HEADER = "RESideMenuExample/RESideMenuExample-Prefix.pch";
				INFOPLIST_FILE = "RESideMenuExample/RESideMenuExample-Info.plist";
				IPHONEOS_DEPLOYMENT_TARGET = 7.0;
				PRODUCT_NAME = "$(TARGET_NAME)";
				TARGETED_DEVICE_FAMILY = "1,2";
				WRAPPER_EXTENSION = app;
			};
			name = Debug;
		};
		3032B93D1807338200064F85 /* Release */ = {
			isa = XCBuildConfiguration;
			buildSettings = {
				ASSETCATALOG_COMPILER_APPICON_NAME = AppIcon;
				ASSETCATALOG_COMPILER_LAUNCHIMAGE_NAME = LaunchImage;
				GCC_PRECOMPILE_PREFIX_HEADER = YES;
				GCC_PREFIX_HEADER = "RESideMenuExample/RESideMenuExample-Prefix.pch";
				INFOPLIST_FILE = "RESideMenuExample/RESideMenuExample-Info.plist";
				IPHONEOS_DEPLOYMENT_TARGET = 7.0;
				PRODUCT_NAME = "$(TARGET_NAME)";
				TARGETED_DEVICE_FAMILY = "1,2";
				WRAPPER_EXTENSION = app;
			};
			name = Release;
		};
/* End XCBuildConfiguration section */

/* Begin XCConfigurationList section */
		3032B90A1807338200064F85 /* Build configuration list for PBXProject "RESideMenuExample" */ = {
			isa = XCConfigurationList;
			buildConfigurations = (
				3032B9391807338200064F85 /* Debug */,
				3032B93A1807338200064F85 /* Release */,
			);
			defaultConfigurationIsVisible = 0;
			defaultConfigurationName = Release;
		};
		3032B93B1807338200064F85 /* Build configuration list for PBXNativeTarget "RESideMenuExample" */ = {
			isa = XCConfigurationList;
			buildConfigurations = (
				3032B93C1807338200064F85 /* Debug */,
				3032B93D1807338200064F85 /* Release */,
			);
			defaultConfigurationIsVisible = 0;
			defaultConfigurationName = Release;
		};
/* End XCConfigurationList section */
	};
	rootObject = 3032B9071807338200064F85 /* Project object */;
}
